version = 1
requires-python = ">=3.10"

[[package]]
name = "mypy"
version = "1.13.0"
source = { registry = "https://pypi.org/simple" }
dependencies = [
    { name = "mypy-extensions" },
    { name = "tomli", marker = "python_full_version < '3.11'" },
    { name = "typing-extensions" },
]
sdist = { url = "https://files.pythonhosted.org/packages/e8/21/7e9e523537991d145ab8a0a2fd98548d67646dc2aaaf6091c31ad883e7c1/mypy-1.13.0.tar.gz", hash = "sha256:0291a61b6fbf3e6673e3405cfcc0e7650bebc7939659fdca2702958038bd835e", size = 3152532 }
wheels = [
    { url = "https://files.pythonhosted.org/packages/5e/8c/206de95a27722b5b5a8c85ba3100467bd86299d92a4f71c6b9aa448bfa2f/mypy-1.13.0-cp310-cp310-macosx_10_9_x86_64.whl", hash = "sha256:6607e0f1dd1fb7f0aca14d936d13fd19eba5e17e1cd2a14f808fa5f8f6d8f60a", size = 11020731 },
    { url = "https://files.pythonhosted.org/packages/ab/bb/b31695a29eea76b1569fd28b4ab141a1adc9842edde080d1e8e1776862c7/mypy-1.13.0-cp310-cp310-macosx_11_0_arm64.whl", hash = "sha256:8a21be69bd26fa81b1f80a61ee7ab05b076c674d9b18fb56239d72e21d9f4c80", size = 10184276 },
    { url = "https://files.pythonhosted.org/packages/a5/2d/4a23849729bb27934a0e079c9c1aad912167d875c7b070382a408d459651/mypy-1.13.0-cp310-cp310-manylinux_2_17_x86_64.manylinux2014_x86_64.manylinux_2_28_x86_64.whl", hash = "sha256:7b2353a44d2179846a096e25691d54d59904559f4232519d420d64da6828a3a7", size = 12587706 },
    { url = "https://files.pythonhosted.org/packages/5c/c3/d318e38ada50255e22e23353a469c791379825240e71b0ad03e76ca07ae6/mypy-1.13.0-cp310-cp310-musllinux_1_1_x86_64.whl", hash = "sha256:0730d1c6a2739d4511dc4253f8274cdd140c55c32dfb0a4cf8b7a43f40abfa6f", size = 13105586 },
    { url = "https://files.pythonhosted.org/packages/4a/25/3918bc64952370c3dbdbd8c82c363804678127815febd2925b7273d9482c/mypy-1.13.0-cp310-cp310-win_amd64.whl", hash = "sha256:c5fc54dbb712ff5e5a0fca797e6e0aa25726c7e72c6a5850cfd2adbc1eb0a372", size = 9632318 },
    { url = "https://files.pythonhosted.org/packages/d0/19/de0822609e5b93d02579075248c7aa6ceaddcea92f00bf4ea8e4c22e3598/mypy-1.13.0-cp311-cp311-macosx_10_9_x86_64.whl", hash = "sha256:581665e6f3a8a9078f28d5502f4c334c0c8d802ef55ea0e7276a6e409bc0d82d", size = 10939027 },
    { url = "https://files.pythonhosted.org/packages/c8/71/6950fcc6ca84179137e4cbf7cf41e6b68b4a339a1f5d3e954f8c34e02d66/mypy-1.13.0-cp311-cp311-macosx_11_0_arm64.whl", hash = "sha256:3ddb5b9bf82e05cc9a627e84707b528e5c7caaa1c55c69e175abb15a761cec2d", size = 10108699 },
    { url = "https://files.pythonhosted.org/packages/26/50/29d3e7dd166e74dc13d46050b23f7d6d7533acf48f5217663a3719db024e/mypy-1.13.0-cp311-cp311-manylinux_2_17_x86_64.manylinux2014_x86_64.manylinux_2_28_x86_64.whl", hash = "sha256:20c7ee0bc0d5a9595c46f38beb04201f2620065a93755704e141fcac9f59db2b", size = 12506263 },
    { url = "https://files.pythonhosted.org/packages/3f/1d/676e76f07f7d5ddcd4227af3938a9c9640f293b7d8a44dd4ff41d4db25c1/mypy-1.13.0-cp311-cp311-musllinux_1_1_x86_64.whl", hash = "sha256:3790ded76f0b34bc9c8ba4def8f919dd6a46db0f5a6610fb994fe8efdd447f73", size = 12984688 },
    { url = "https://files.pythonhosted.org/packages/9c/03/5a85a30ae5407b1d28fab51bd3e2103e52ad0918d1e68f02a7778669a307/mypy-1.13.0-cp311-cp311-win_amd64.whl", hash = "sha256:51f869f4b6b538229c1d1bcc1dd7d119817206e2bc54e8e374b3dfa202defcca", size = 9626811 },
    { url = "https://files.pythonhosted.org/packages/fb/31/c526a7bd2e5c710ae47717c7a5f53f616db6d9097caf48ad650581e81748/mypy-1.13.0-cp312-cp312-macosx_10_13_x86_64.whl", hash = "sha256:5c7051a3461ae84dfb5dd15eff5094640c61c5f22257c8b766794e6dd85e72d5", size = 11077900 },
    { url = "https://files.pythonhosted.org/packages/83/67/b7419c6b503679d10bd26fc67529bc6a1f7a5f220bbb9f292dc10d33352f/mypy-1.13.0-cp312-cp312-macosx_11_0_arm64.whl", hash = "sha256:39bb21c69a5d6342f4ce526e4584bc5c197fd20a60d14a8624d8743fffb9472e", size = 10074818 },
    { url = "https://files.pythonhosted.org/packages/ba/07/37d67048786ae84e6612575e173d713c9a05d0ae495dde1e68d972207d98/mypy-1.13.0-cp312-cp312-manylinux_2_17_x86_64.manylinux2014_x86_64.manylinux_2_28_x86_64.whl", hash = "sha256:164f28cb9d6367439031f4c81e84d3ccaa1e19232d9d05d37cb0bd880d3f93c2", size = 12589275 },
    { url = "https://files.pythonhosted.org/packages/1f/17/b1018c6bb3e9f1ce3956722b3bf91bff86c1cefccca71cec05eae49d6d41/mypy-1.13.0-cp312-cp312-musllinux_1_1_x86_64.whl", hash = "sha256:a4c1bfcdbce96ff5d96fc9b08e3831acb30dc44ab02671eca5953eadad07d6d0", size = 13037783 },
    { url = "https://files.pythonhosted.org/packages/cb/32/cd540755579e54a88099aee0287086d996f5a24281a673f78a0e14dba150/mypy-1.13.0-cp312-cp312-win_amd64.whl", hash = "sha256:a0affb3a79a256b4183ba09811e3577c5163ed06685e4d4b46429a271ba174d2", size = 9726197 },
    { url = "https://files.pythonhosted.org/packages/11/bb/ab4cfdc562cad80418f077d8be9b4491ee4fb257440da951b85cbb0a639e/mypy-1.13.0-cp313-cp313-macosx_10_13_x86_64.whl", hash = "sha256:a7b44178c9760ce1a43f544e595d35ed61ac2c3de306599fa59b38a6048e1aa7", size = 11069721 },
    { url = "https://files.pythonhosted.org/packages/59/3b/a393b1607cb749ea2c621def5ba8c58308ff05e30d9dbdc7c15028bca111/mypy-1.13.0-cp313-cp313-macosx_11_0_arm64.whl", hash = "sha256:5d5092efb8516d08440e36626f0153b5006d4088c1d663d88bf79625af3d1d62", size = 10063996 },
    { url = "https://files.pythonhosted.org/packages/d1/1f/6b76be289a5a521bb1caedc1f08e76ff17ab59061007f201a8a18cc514d1/mypy-1.13.0-cp313-cp313-manylinux_2_17_x86_64.manylinux2014_x86_64.manylinux_2_28_x86_64.whl", hash = "sha256:de2904956dac40ced10931ac967ae63c5089bd498542194b436eb097a9f77bc8", size = 12584043 },
    { url = "https://files.pythonhosted.org/packages/a6/83/5a85c9a5976c6f96e3a5a7591aa28b4a6ca3a07e9e5ba0cec090c8b596d6/mypy-1.13.0-cp313-cp313-musllinux_1_1_x86_64.whl", hash = "sha256:7bfd8836970d33c2105562650656b6846149374dc8ed77d98424b40b09340ba7", size = 13036996 },
    { url = "https://files.pythonhosted.org/packages/b4/59/c39a6f752f1f893fccbcf1bdd2aca67c79c842402b5283563d006a67cf76/mypy-1.13.0-cp313-cp313-win_amd64.whl", hash = "sha256:9f73dba9ec77acb86457a8fc04b5239822df0c14a082564737833d2963677dbc", size = 9737709 },
    { url = "https://files.pythonhosted.org/packages/3b/86/72ce7f57431d87a7ff17d442f521146a6585019eb8f4f31b7c02801f78ad/mypy-1.13.0-py3-none-any.whl", hash = "sha256:9c250883f9fd81d212e0952c92dbfcc96fc237f4b7c92f56ac81fd48460b3e5a", size = 2647043 },
]

[[package]]
name = "mypy-extensions"
version = "1.0.0"
source = { registry = "https://pypi.org/simple" }
sdist = { url = "https://files.pythonhosted.org/packages/98/a4/1ab47638b92648243faf97a5aeb6ea83059cc3624972ab6b8d2316078d3f/mypy_extensions-1.0.0.tar.gz", hash = "sha256:75dbf8955dc00442a438fc4d0666508a9a97b6bd41aa2f0ffe9d2f2725af0782", size = 4433 }
wheels = [
    { url = "https://files.pythonhosted.org/packages/2a/e2/5d3f6ada4297caebe1a2add3b126fe800c96f56dbe5d1988a2cbe0b267aa/mypy_extensions-1.0.0-py3-none-any.whl", hash = "sha256:4392f6c0eb8a5668a69e23d168ffa70f0be9ccfd32b5cc2d26a34ae5b844552d", size = 4695 },
]

[[package]]
name = "numpy"
version = "2.1.3"
source = { registry = "https://pypi.org/simple" }
sdist = { url = "https://files.pythonhosted.org/packages/25/ca/1166b75c21abd1da445b97bf1fa2f14f423c6cfb4fc7c4ef31dccf9f6a94/numpy-2.1.3.tar.gz", hash = "sha256:aa08e04e08aaf974d4458def539dece0d28146d866a39da5639596f4921fd761", size = 20166090 }
wheels = [
    { url = "https://files.pythonhosted.org/packages/f1/80/d572a4737626372915bca41c3afbfec9d173561a39a0a61bacbbfd1dafd4/numpy-2.1.3-cp310-cp310-macosx_10_9_x86_64.whl", hash = "sha256:c894b4305373b9c5576d7a12b473702afdf48ce5369c074ba304cc5ad8730dff", size = 21152472 },
    { url = "https://files.pythonhosted.org/packages/6f/bb/7bfba10c791ae3bb6716da77ad85a82d5fac07fc96fb0023ef0571df9d20/numpy-2.1.3-cp310-cp310-macosx_11_0_arm64.whl", hash = "sha256:b47fbb433d3260adcd51eb54f92a2ffbc90a4595f8970ee00e064c644ac788f5", size = 13747967 },
    { url = "https://files.pythonhosted.org/packages/da/d6/2df7bde35f0478455f0be5934877b3e5a505f587b00230f54a519a6b55a5/numpy-2.1.3-cp310-cp310-macosx_14_0_arm64.whl", hash = "sha256:825656d0743699c529c5943554d223c021ff0494ff1442152ce887ef4f7561a1", size = 5354921 },
    { url = "https://files.pythonhosted.org/packages/d1/bb/75b945874f931494891eac6ca06a1764d0e8208791f3addadb2963b83527/numpy-2.1.3-cp310-cp310-macosx_14_0_x86_64.whl", hash = "sha256:6a4825252fcc430a182ac4dee5a505053d262c807f8a924603d411f6718b88fd", size = 6888603 },
    { url = "https://files.pythonhosted.org/packages/68/a7/fde73636f6498dbfa6d82fc336164635fe592f1ad0d13285fcb6267fdc1c/numpy-2.1.3-cp310-cp310-manylinux_2_17_aarch64.manylinux2014_aarch64.whl", hash = "sha256:e711e02f49e176a01d0349d82cb5f05ba4db7d5e7e0defd026328e5cfb3226d3", size = 13889862 },
    { url = "https://files.pythonhosted.org/packages/05/db/5d9c91b2e1e2e72be1369278f696356d44975befcae830daf2e667dcb54f/numpy-2.1.3-cp310-cp310-manylinux_2_17_x86_64.manylinux2014_x86_64.whl", hash = "sha256:78574ac2d1a4a02421f25da9559850d59457bac82f2b8d7a44fe83a64f770098", size = 16328151 },
    { url = "https://files.pythonhosted.org/packages/3e/6a/7eb732109b53ae64a29e25d7e68eb9d6611037f6354875497008a49e74d3/numpy-2.1.3-cp310-cp310-musllinux_1_1_x86_64.whl", hash = "sha256:c7662f0e3673fe4e832fe07b65c50342ea27d989f92c80355658c7f888fcc83c", size = 16704107 },
    { url = "https://files.pythonhosted.org/packages/88/cc/278113b66a1141053cbda6f80e4200c6da06b3079c2d27bda1fde41f2c1f/numpy-2.1.3-cp310-cp310-musllinux_1_2_aarch64.whl", hash = "sha256:fa2d1337dc61c8dc417fbccf20f6d1e139896a30721b7f1e832b2bb6ef4eb6c4", size = 14385789 },
    { url = "https://files.pythonhosted.org/packages/f5/69/eb20f5e1bfa07449bc67574d2f0f7c1e6b335fb41672e43861a7727d85f2/numpy-2.1.3-cp310-cp310-win32.whl", hash = "sha256:72dcc4a35a8515d83e76b58fdf8113a5c969ccd505c8a946759b24e3182d1f23", size = 6536706 },
    { url = "https://files.pythonhosted.org/packages/8e/8b/1c131ab5a94c1086c289c6e1da1d843de9dbd95fe5f5ee6e61904c9518e2/numpy-2.1.3-cp310-cp310-win_amd64.whl", hash = "sha256:ecc76a9ba2911d8d37ac01de72834d8849e55473457558e12995f4cd53e778e0", size = 12864165 },
    { url = "https://files.pythonhosted.org/packages/ad/81/c8167192eba5247593cd9d305ac236847c2912ff39e11402e72ae28a4985/numpy-2.1.3-cp311-cp311-macosx_10_9_x86_64.whl", hash = "sha256:4d1167c53b93f1f5d8a139a742b3c6f4d429b54e74e6b57d0eff40045187b15d", size = 21156252 },
    { url = "https://files.pythonhosted.org/packages/da/74/5a60003fc3d8a718d830b08b654d0eea2d2db0806bab8f3c2aca7e18e010/numpy-2.1.3-cp311-cp311-macosx_11_0_arm64.whl", hash = "sha256:c80e4a09b3d95b4e1cac08643f1152fa71a0a821a2d4277334c88d54b2219a41", size = 13784119 },
    { url = "https://files.pythonhosted.org/packages/47/7c/864cb966b96fce5e63fcf25e1e4d957fe5725a635e5f11fe03f39dd9d6b5/numpy-2.1.3-cp311-cp311-macosx_14_0_arm64.whl", hash = "sha256:576a1c1d25e9e02ed7fa5477f30a127fe56debd53b8d2c89d5578f9857d03ca9", size = 5352978 },
    { url = "https://files.pythonhosted.org/packages/09/ac/61d07930a4993dd9691a6432de16d93bbe6aa4b1c12a5e573d468eefc1ca/numpy-2.1.3-cp311-cp311-macosx_14_0_x86_64.whl", hash = "sha256:973faafebaae4c0aaa1a1ca1ce02434554d67e628b8d805e61f874b84e136b09", size = 6892570 },
    { url = "https://files.pythonhosted.org/packages/27/2f/21b94664f23af2bb52030653697c685022119e0dc93d6097c3cb45bce5f9/numpy-2.1.3-cp311-cp311-manylinux_2_17_aarch64.manylinux2014_aarch64.whl", hash = "sha256:762479be47a4863e261a840e8e01608d124ee1361e48b96916f38b119cfda04a", size = 13896715 },
    { url = "https://files.pythonhosted.org/packages/7a/f0/80811e836484262b236c684a75dfc4ba0424bc670e765afaa911468d9f39/numpy-2.1.3-cp311-cp311-manylinux_2_17_x86_64.manylinux2014_x86_64.whl", hash = "sha256:bc6f24b3d1ecc1eebfbf5d6051faa49af40b03be1aaa781ebdadcbc090b4539b", size = 16339644 },
    { url = "https://files.pythonhosted.org/packages/fa/81/ce213159a1ed8eb7d88a2a6ef4fbdb9e4ffd0c76b866c350eb4e3c37e640/numpy-2.1.3-cp311-cp311-musllinux_1_1_x86_64.whl", hash = "sha256:17ee83a1f4fef3c94d16dc1802b998668b5419362c8a4f4e8a491de1b41cc3ee", size = 16712217 },
    { url = "https://files.pythonhosted.org/packages/7d/84/4de0b87d5a72f45556b2a8ee9fc8801e8518ec867fc68260c1f5dcb3903f/numpy-2.1.3-cp311-cp311-musllinux_1_2_aarch64.whl", hash = "sha256:15cb89f39fa6d0bdfb600ea24b250e5f1a3df23f901f51c8debaa6a5d122b2f0", size = 14399053 },
    { url = "https://files.pythonhosted.org/packages/7e/1c/e5fabb9ad849f9d798b44458fd12a318d27592d4bc1448e269dec070ff04/numpy-2.1.3-cp311-cp311-win32.whl", hash = "sha256:d9beb777a78c331580705326d2367488d5bc473b49a9bc3036c154832520aca9", size = 6534741 },
    { url = "https://files.pythonhosted.org/packages/1e/48/a9a4b538e28f854bfb62e1dea3c8fea12e90216a276c7777ae5345ff29a7/numpy-2.1.3-cp311-cp311-win_amd64.whl", hash = "sha256:d89dd2b6da69c4fff5e39c28a382199ddedc3a5be5390115608345dec660b9e2", size = 12869487 },
    { url = "https://files.pythonhosted.org/packages/8a/f0/385eb9970309643cbca4fc6eebc8bb16e560de129c91258dfaa18498da8b/numpy-2.1.3-cp312-cp312-macosx_10_13_x86_64.whl", hash = "sha256:f55ba01150f52b1027829b50d70ef1dafd9821ea82905b63936668403c3b471e", size = 20849658 },
    { url = "https://files.pythonhosted.org/packages/54/4a/765b4607f0fecbb239638d610d04ec0a0ded9b4951c56dc68cef79026abf/numpy-2.1.3-cp312-cp312-macosx_11_0_arm64.whl", hash = "sha256:13138eadd4f4da03074851a698ffa7e405f41a0845a6b1ad135b81596e4e9958", size = 13492258 },
    { url = "https://files.pythonhosted.org/packages/bd/a7/2332679479c70b68dccbf4a8eb9c9b5ee383164b161bee9284ac141fbd33/numpy-2.1.3-cp312-cp312-macosx_14_0_arm64.whl", hash = "sha256:a6b46587b14b888e95e4a24d7b13ae91fa22386c199ee7b418f449032b2fa3b8", size = 5090249 },
    { url = "https://files.pythonhosted.org/packages/c1/67/4aa00316b3b981a822c7a239d3a8135be2a6945d1fd11d0efb25d361711a/numpy-2.1.3-cp312-cp312-macosx_14_0_x86_64.whl", hash = "sha256:0fa14563cc46422e99daef53d725d0c326e99e468a9320a240affffe87852564", size = 6621704 },
    { url = "https://files.pythonhosted.org/packages/5e/da/1a429ae58b3b6c364eeec93bf044c532f2ff7b48a52e41050896cf15d5b1/numpy-2.1.3-cp312-cp312-manylinux_2_17_aarch64.manylinux2014_aarch64.whl", hash = "sha256:8637dcd2caa676e475503d1f8fdb327bc495554e10838019651b76d17b98e512", size = 13606089 },
    { url = "https://files.pythonhosted.org/packages/9e/3e/3757f304c704f2f0294a6b8340fcf2be244038be07da4cccf390fa678a9f/numpy-2.1.3-cp312-cp312-manylinux_2_17_x86_64.manylinux2014_x86_64.whl", hash = "sha256:2312b2aa89e1f43ecea6da6ea9a810d06aae08321609d8dc0d0eda6d946a541b", size = 16043185 },
    { url = "https://files.pythonhosted.org/packages/43/97/75329c28fea3113d00c8d2daf9bc5828d58d78ed661d8e05e234f86f0f6d/numpy-2.1.3-cp312-cp312-musllinux_1_1_x86_64.whl", hash = "sha256:a38c19106902bb19351b83802531fea19dee18e5b37b36454f27f11ff956f7fc", size = 16410751 },
    { url = "https://files.pythonhosted.org/packages/ad/7a/442965e98b34e0ae9da319f075b387bcb9a1e0658276cc63adb8c9686f7b/numpy-2.1.3-cp312-cp312-musllinux_1_2_aarch64.whl", hash = "sha256:02135ade8b8a84011cbb67dc44e07c58f28575cf9ecf8ab304e51c05528c19f0", size = 14082705 },
    { url = "https://files.pythonhosted.org/packages/ac/b6/26108cf2cfa5c7e03fb969b595c93131eab4a399762b51ce9ebec2332e80/numpy-2.1.3-cp312-cp312-win32.whl", hash = "sha256:e6988e90fcf617da2b5c78902fe8e668361b43b4fe26dbf2d7b0f8034d4cafb9", size = 6239077 },
    { url = "https://files.pythonhosted.org/packages/a6/84/fa11dad3404b7634aaab50733581ce11e5350383311ea7a7010f464c0170/numpy-2.1.3-cp312-cp312-win_amd64.whl", hash = "sha256:0d30c543f02e84e92c4b1f415b7c6b5326cbe45ee7882b6b77db7195fb971e3a", size = 12566858 },
    { url = "https://files.pythonhosted.org/packages/4d/0b/620591441457e25f3404c8057eb924d04f161244cb8a3680d529419aa86e/numpy-2.1.3-cp313-cp313-macosx_10_13_x86_64.whl", hash = "sha256:96fe52fcdb9345b7cd82ecd34547fca4321f7656d500eca497eb7ea5a926692f", size = 20836263 },
    { url = "https://files.pythonhosted.org/packages/45/e1/210b2d8b31ce9119145433e6ea78046e30771de3fe353f313b2778142f34/numpy-2.1.3-cp313-cp313-macosx_11_0_arm64.whl", hash = "sha256:f653490b33e9c3a4c1c01d41bc2aef08f9475af51146e4a7710c450cf9761598", size = 13507771 },
    { url = "https://files.pythonhosted.org/packages/55/44/aa9ee3caee02fa5a45f2c3b95cafe59c44e4b278fbbf895a93e88b308555/numpy-2.1.3-cp313-cp313-macosx_14_0_arm64.whl", hash = "sha256:dc258a761a16daa791081d026f0ed4399b582712e6fc887a95af09df10c5ca57", size = 5075805 },
    { url = "https://files.pythonhosted.org/packages/78/d6/61de6e7e31915ba4d87bbe1ae859e83e6582ea14c6add07c8f7eefd8488f/numpy-2.1.3-cp313-cp313-macosx_14_0_x86_64.whl", hash = "sha256:016d0f6f5e77b0f0d45d77387ffa4bb89816b57c835580c3ce8e099ef830befe", size = 6608380 },
    { url = "https://files.pythonhosted.org/packages/3e/46/48bdf9b7241e317e6cf94276fe11ba673c06d1fdf115d8b4ebf616affd1a/numpy-2.1.3-cp313-cp313-manylinux_2_17_aarch64.manylinux2014_aarch64.whl", hash = "sha256:c181ba05ce8299c7aa3125c27b9c2167bca4a4445b7ce73d5febc411ca692e43", size = 13602451 },
    { url = "https://files.pythonhosted.org/packages/70/50/73f9a5aa0810cdccda9c1d20be3cbe4a4d6ea6bfd6931464a44c95eef731/numpy-2.1.3-cp313-cp313-manylinux_2_17_x86_64.manylinux2014_x86_64.whl", hash = "sha256:5641516794ca9e5f8a4d17bb45446998c6554704d888f86df9b200e66bdcce56", size = 16039822 },
    { url = "https://files.pythonhosted.org/packages/ad/cd/098bc1d5a5bc5307cfc65ee9369d0ca658ed88fbd7307b0d49fab6ca5fa5/numpy-2.1.3-cp313-cp313-musllinux_1_1_x86_64.whl", hash = "sha256:ea4dedd6e394a9c180b33c2c872b92f7ce0f8e7ad93e9585312b0c5a04777a4a", size = 16411822 },
    { url = "https://files.pythonhosted.org/packages/83/a2/7d4467a2a6d984549053b37945620209e702cf96a8bc658bc04bba13c9e2/numpy-2.1.3-cp313-cp313-musllinux_1_2_aarch64.whl", hash = "sha256:b0df3635b9c8ef48bd3be5f862cf71b0a4716fa0e702155c45067c6b711ddcef", size = 14079598 },
    { url = "https://files.pythonhosted.org/packages/e9/6a/d64514dcecb2ee70bfdfad10c42b76cab657e7ee31944ff7a600f141d9e9/numpy-2.1.3-cp313-cp313-win32.whl", hash = "sha256:50ca6aba6e163363f132b5c101ba078b8cbd3fa92c7865fd7d4d62d9779ac29f", size = 6236021 },
    { url = "https://files.pythonhosted.org/packages/bb/f9/12297ed8d8301a401e7d8eb6b418d32547f1d700ed3c038d325a605421a4/numpy-2.1.3-cp313-cp313-win_amd64.whl", hash = "sha256:747641635d3d44bcb380d950679462fae44f54b131be347d5ec2bce47d3df9ed", size = 12560405 },
    { url = "https://files.pythonhosted.org/packages/a7/45/7f9244cd792e163b334e3a7f02dff1239d2890b6f37ebf9e82cbe17debc0/numpy-2.1.3-cp313-cp313t-macosx_10_13_x86_64.whl", hash = "sha256:996bb9399059c5b82f76b53ff8bb686069c05acc94656bb259b1d63d04a9506f", size = 20859062 },
    { url = "https://files.pythonhosted.org/packages/b1/b4/a084218e7e92b506d634105b13e27a3a6645312b93e1c699cc9025adb0e1/numpy-2.1.3-cp313-cp313t-macosx_11_0_arm64.whl", hash = "sha256:45966d859916ad02b779706bb43b954281db43e185015df6eb3323120188f9e4", size = 13515839 },
    { url = "https://files.pythonhosted.org/packages/27/45/58ed3f88028dcf80e6ea580311dc3edefdd94248f5770deb980500ef85dd/numpy-2.1.3-cp313-cp313t-macosx_14_0_arm64.whl", hash = "sha256:baed7e8d7481bfe0874b566850cb0b85243e982388b7b23348c6db2ee2b2ae8e", size = 5116031 },
    { url = "https://files.pythonhosted.org/packages/37/a8/eb689432eb977d83229094b58b0f53249d2209742f7de529c49d61a124a0/numpy-2.1.3-cp313-cp313t-macosx_14_0_x86_64.whl", hash = "sha256:a9f7f672a3388133335589cfca93ed468509cb7b93ba3105fce780d04a6576a0", size = 6629977 },
    { url = "https://files.pythonhosted.org/packages/42/a3/5355ad51ac73c23334c7caaed01adadfda49544f646fcbfbb4331deb267b/numpy-2.1.3-cp313-cp313t-manylinux_2_17_aarch64.manylinux2014_aarch64.whl", hash = "sha256:d7aac50327da5d208db2eec22eb11e491e3fe13d22653dce51b0f4109101b408", size = 13575951 },
    { url = "https://files.pythonhosted.org/packages/c4/70/ea9646d203104e647988cb7d7279f135257a6b7e3354ea6c56f8bafdb095/numpy-2.1.3-cp313-cp313t-manylinux_2_17_x86_64.manylinux2014_x86_64.whl", hash = "sha256:4394bc0dbd074b7f9b52024832d16e019decebf86caf909d94f6b3f77a8ee3b6", size = 16022655 },
    { url = "https://files.pythonhosted.org/packages/14/ce/7fc0612903e91ff9d0b3f2eda4e18ef9904814afcae5b0f08edb7f637883/numpy-2.1.3-cp313-cp313t-musllinux_1_1_x86_64.whl", hash = "sha256:50d18c4358a0a8a53f12a8ba9d772ab2d460321e6a93d6064fc22443d189853f", size = 16399902 },
    { url = "https://files.pythonhosted.org/packages/ef/62/1d3204313357591c913c32132a28f09a26357e33ea3c4e2fe81269e0dca1/numpy-2.1.3-cp313-cp313t-musllinux_1_2_aarch64.whl", hash = "sha256:14e253bd43fc6b37af4921b10f6add6925878a42a0c5fe83daee390bca80bc17", size = 14067180 },
    { url = "https://files.pythonhosted.org/packages/24/d7/78a40ed1d80e23a774cb8a34ae8a9493ba1b4271dde96e56ccdbab1620ef/numpy-2.1.3-cp313-cp313t-win32.whl", hash = "sha256:08788d27a5fd867a663f6fc753fd7c3ad7e92747efc73c53bca2f19f8bc06f48", size = 6291907 },
    { url = "https://files.pythonhosted.org/packages/86/09/a5ab407bd7f5f5599e6a9261f964ace03a73e7c6928de906981c31c38082/numpy-2.1.3-cp313-cp313t-win_amd64.whl", hash = "sha256:2564fbdf2b99b3f815f2107c1bbc93e2de8ee655a69c261363a1172a79a257d4", size = 12644098 },
    { url = "https://files.pythonhosted.org/packages/00/e7/8d8bb791b62586cc432ecbb70632b4f23b7b7c88df41878de7528264f6d7/numpy-2.1.3-pp310-pypy310_pp73-macosx_10_15_x86_64.whl", hash = "sha256:4f2015dfe437dfebbfce7c85c7b53d81ba49e71ba7eadbf1df40c915af75979f", size = 20983893 },
    { url = "https://files.pythonhosted.org/packages/5e/f3/cb8118a044b5007586245a650360c9f5915b2f4232dd7658bb7a63dd1d02/numpy-2.1.3-pp310-pypy310_pp73-macosx_14_0_x86_64.whl", hash = "sha256:3522b0dfe983a575e6a9ab3a4a4dfe156c3e428468ff08ce582b9bb6bd1d71d4", size = 6752501 },
    { url = "https://files.pythonhosted.org/packages/53/f5/365b46439b518d2ec6ebb880cc0edf90f225145dfd4db7958334f7164530/numpy-2.1.3-pp310-pypy310_pp73-manylinux_2_17_x86_64.manylinux2014_x86_64.whl", hash = "sha256:c006b607a865b07cd981ccb218a04fc86b600411d83d6fc261357f1c0966755d", size = 16142601 },
    { url = "https://files.pythonhosted.org/packages/03/c2/d1fee6ba999aa7cd41ca6856937f2baaf604c3eec1565eae63451ec31e5e/numpy-2.1.3-pp310-pypy310_pp73-win_amd64.whl", hash = "sha256:e14e26956e6f1696070788252dcdff11b4aca4c3e8bd166e0df1bb8f315a67cb", size = 12771397 },
]

[[package]]
name = "ruff"
version = "0.8.1"
source = { registry = "https://pypi.org/simple" }
sdist = { url = "https://files.pythonhosted.org/packages/95/d0/8ff5b189d125f4260f2255d143bf2fa413b69c2610c405ace7a0a8ec81ec/ruff-0.8.1.tar.gz", hash = "sha256:3583db9a6450364ed5ca3f3b4225958b24f78178908d5c4bc0f46251ccca898f", size = 3313222 }
wheels = [
    { url = "https://files.pythonhosted.org/packages/a2/d6/1a6314e568db88acdbb5121ed53e2c52cebf3720d3437a76f82f923bf171/ruff-0.8.1-py3-none-linux_armv6l.whl", hash = "sha256:fae0805bd514066f20309f6742f6ee7904a773eb9e6c17c45d6b1600ca65c9b5", size = 10532605 },
    { url = "https://files.pythonhosted.org/packages/89/a8/a957a8812e31facffb6a26a30be0b5b4af000a6e30c7d43a22a5232a3398/ruff-0.8.1-py3-none-macosx_10_12_x86_64.whl", hash = "sha256:b8a4f7385c2285c30f34b200ca5511fcc865f17578383db154e098150ce0a087", size = 10278243 },
    { url = "https://files.pythonhosted.org/packages/a8/23/9db40fa19c453fabf94f7a35c61c58f20e8200b4734a20839515a19da790/ruff-0.8.1-py3-none-macosx_11_0_arm64.whl", hash = "sha256:cd054486da0c53e41e0086e1730eb77d1f698154f910e0cd9e0d64274979a209", size = 9917739 },
    { url = "https://files.pythonhosted.org/packages/e2/a0/6ee2d949835d5701d832fc5acd05c0bfdad5e89cfdd074a171411f5ccad5/ruff-0.8.1-py3-none-manylinux_2_17_aarch64.manylinux2014_aarch64.whl", hash = "sha256:2029b8c22da147c50ae577e621a5bfbc5d1fed75d86af53643d7a7aee1d23871", size = 10779153 },
    { url = "https://files.pythonhosted.org/packages/7a/25/9c11dca9404ef1eb24833f780146236131a3c7941de394bc356912ef1041/ruff-0.8.1-py3-none-manylinux_2_17_armv7l.manylinux2014_armv7l.whl", hash = "sha256:2666520828dee7dfc7e47ee4ea0d928f40de72056d929a7c5292d95071d881d1", size = 10304387 },
    { url = "https://files.pythonhosted.org/packages/c8/b9/84c323780db1b06feae603a707d82dbbd85955c8c917738571c65d7d5aff/ruff-0.8.1-py3-none-manylinux_2_17_i686.manylinux2014_i686.whl", hash = "sha256:333c57013ef8c97a53892aa56042831c372e0bb1785ab7026187b7abd0135ad5", size = 11360351 },
    { url = "https://files.pythonhosted.org/packages/6b/e1/9d4bbb2ace7aad14ded20e4674a48cda5b902aed7a1b14e6b028067060c4/ruff-0.8.1-py3-none-manylinux_2_17_ppc64.manylinux2014_ppc64.whl", hash = "sha256:288326162804f34088ac007139488dcb43de590a5ccfec3166396530b58fb89d", size = 12022879 },
    { url = "https://files.pythonhosted.org/packages/75/28/752ff6120c0e7f9981bc4bc275d540c7f36db1379ba9db9142f69c88db21/ruff-0.8.1-py3-none-manylinux_2_17_ppc64le.manylinux2014_ppc64le.whl", hash = "sha256:b12c39b9448632284561cbf4191aa1b005882acbc81900ffa9f9f471c8ff7e26", size = 11610354 },
    { url = "https://files.pythonhosted.org/packages/ba/8c/967b61c2cc8ebd1df877607fbe462bc1e1220b4a30ae3352648aec8c24bd/ruff-0.8.1-py3-none-manylinux_2_17_s390x.manylinux2014_s390x.whl", hash = "sha256:364e6674450cbac8e998f7b30639040c99d81dfb5bbc6dfad69bc7a8f916b3d1", size = 12813976 },
    { url = "https://files.pythonhosted.org/packages/7f/29/e059f945d6bd2d90213387b8c360187f2fefc989ddcee6bbf3c241329b92/ruff-0.8.1-py3-none-manylinux_2_17_x86_64.manylinux2014_x86_64.whl", hash = "sha256:b22346f845fec132aa39cd29acb94451d030c10874408dbf776af3aaeb53284c", size = 11154564 },
    { url = "https://files.pythonhosted.org/packages/55/47/cbd05e5a62f3fb4c072bc65c1e8fd709924cad1c7ec60a1000d1e4ee8307/ruff-0.8.1-py3-none-musllinux_1_2_aarch64.whl", hash = "sha256:b2f2f7a7e7648a2bfe6ead4e0a16745db956da0e3a231ad443d2a66a105c04fa", size = 10760604 },
    { url = "https://files.pythonhosted.org/packages/bb/ee/4c3981c47147c72647a198a94202633130cfda0fc95cd863a553b6f65c6a/ruff-0.8.1-py3-none-musllinux_1_2_armv7l.whl", hash = "sha256:adf314fc458374c25c5c4a4a9270c3e8a6a807b1bec018cfa2813d6546215540", size = 10391071 },
    { url = "https://files.pythonhosted.org/packages/6b/e6/083eb61300214590b188616a8ac6ae1ef5730a0974240fb4bec9c17de78b/ruff-0.8.1-py3-none-musllinux_1_2_i686.whl", hash = "sha256:a885d68342a231b5ba4d30b8c6e1b1ee3a65cf37e3d29b3c74069cdf1ee1e3c9", size = 10896657 },
    { url = "https://files.pythonhosted.org/packages/77/bd/aacdb8285d10f1b943dbeb818968efca35459afc29f66ae3bd4596fbf954/ruff-0.8.1-py3-none-musllinux_1_2_x86_64.whl", hash = "sha256:d2c16e3508c8cc73e96aa5127d0df8913d2290098f776416a4b157657bee44c5", size = 11228362 },
    { url = "https://files.pythonhosted.org/packages/39/72/fcb7ad41947f38b4eaa702aca0a361af0e9c2bf671d7fd964480670c297e/ruff-0.8.1-py3-none-win32.whl", hash = "sha256:93335cd7c0eaedb44882d75a7acb7df4b77cd7cd0d2255c93b28791716e81790", size = 8803476 },
    { url = "https://files.pythonhosted.org/packages/e4/ea/cae9aeb0f4822c44651c8407baacdb2e5b4dcd7b31a84e1c5df33aa2cc20/ruff-0.8.1-py3-none-win_amd64.whl", hash = "sha256:2954cdbe8dfd8ab359d4a30cd971b589d335a44d444b6ca2cb3d1da21b75e4b6", size = 9614463 },
    { url = "https://files.pythonhosted.org/packages/eb/76/fbb4bd23dfb48fa7758d35b744413b650a9fd2ddd93bca77e30376864414/ruff-0.8.1-py3-none-win_arm64.whl", hash = "sha256:55873cc1a473e5ac129d15eccb3c008c096b94809d693fc7053f588b67822737", size = 8959621 },
]

[[package]]
name = "scipy"
version = "1.14.1"
source = { registry = "https://pypi.org/simple" }
dependencies = [
    { name = "numpy" },
]
sdist = { url = "https://files.pythonhosted.org/packages/62/11/4d44a1f274e002784e4dbdb81e0ea96d2de2d1045b2132d5af62cc31fd28/scipy-1.14.1.tar.gz", hash = "sha256:5a275584e726026a5699459aa72f828a610821006228e841b94275c4a7c08417", size = 58620554 }
wheels = [
    { url = "https://files.pythonhosted.org/packages/64/68/3bc0cfaf64ff507d82b1e5d5b64521df4c8bf7e22bc0b897827cbee9872c/scipy-1.14.1-cp310-cp310-macosx_10_13_x86_64.whl", hash = "sha256:b28d2ca4add7ac16ae8bb6632a3c86e4b9e4d52d3e34267f6e1b0c1f8d87e389", size = 39069598 },
    { url = "https://files.pythonhosted.org/packages/43/a5/8d02f9c372790326ad405d94f04d4339482ec082455b9e6e288f7100513b/scipy-1.14.1-cp310-cp310-macosx_12_0_arm64.whl", hash = "sha256:d0d2821003174de06b69e58cef2316a6622b60ee613121199cb2852a873f8cf3", size = 29879676 },
    { url = "https://files.pythonhosted.org/packages/07/42/0e0bea9666fcbf2cb6ea0205db42c81b1f34d7b729ba251010edf9c80ebd/scipy-1.14.1-cp310-cp310-macosx_14_0_arm64.whl", hash = "sha256:8bddf15838ba768bb5f5083c1ea012d64c9a444e16192762bd858f1e126196d0", size = 23088696 },
    { url = "https://files.pythonhosted.org/packages/15/47/298ab6fef5ebf31b426560e978b8b8548421d4ed0bf99263e1eb44532306/scipy-1.14.1-cp310-cp310-macosx_14_0_x86_64.whl", hash = "sha256:97c5dddd5932bd2a1a31c927ba5e1463a53b87ca96b5c9bdf5dfd6096e27efc3", size = 25470699 },
    { url = "https://files.pythonhosted.org/packages/d8/df/cdb6be5274bc694c4c22862ac3438cb04f360ed9df0aecee02ce0b798380/scipy-1.14.1-cp310-cp310-manylinux_2_17_aarch64.manylinux2014_aarch64.whl", hash = "sha256:2ff0a7e01e422c15739ecd64432743cf7aae2b03f3084288f399affcefe5222d", size = 35606631 },
    { url = "https://files.pythonhosted.org/packages/47/78/b0c2c23880dd1e99e938ad49ccfb011ae353758a2dc5ed7ee59baff684c3/scipy-1.14.1-cp310-cp310-manylinux_2_17_x86_64.manylinux2014_x86_64.whl", hash = "sha256:8e32dced201274bf96899e6491d9ba3e9a5f6b336708656466ad0522d8528f69", size = 41178528 },
    { url = "https://files.pythonhosted.org/packages/5d/aa/994b45c34b897637b853ec04334afa55a85650a0d11dacfa67232260fb0a/scipy-1.14.1-cp310-cp310-musllinux_1_2_x86_64.whl", hash = "sha256:8426251ad1e4ad903a4514712d2fa8fdd5382c978010d1c6f5f37ef286a713ad", size = 42784535 },
    { url = "https://files.pythonhosted.org/packages/e7/1c/8daa6df17a945cb1a2a1e3bae3c49643f7b3b94017ff01a4787064f03f84/scipy-1.14.1-cp310-cp310-win_amd64.whl", hash = "sha256:a49f6ed96f83966f576b33a44257d869756df6cf1ef4934f59dd58b25e0327e5", size = 44772117 },
    { url = "https://files.pythonhosted.org/packages/b2/ab/070ccfabe870d9f105b04aee1e2860520460ef7ca0213172abfe871463b9/scipy-1.14.1-cp311-cp311-macosx_10_13_x86_64.whl", hash = "sha256:2da0469a4ef0ecd3693761acbdc20f2fdeafb69e6819cc081308cc978153c675", size = 39076999 },
    { url = "https://files.pythonhosted.org/packages/a7/c5/02ac82f9bb8f70818099df7e86c3ad28dae64e1347b421d8e3adf26acab6/scipy-1.14.1-cp311-cp311-macosx_12_0_arm64.whl", hash = "sha256:c0ee987efa6737242745f347835da2cc5bb9f1b42996a4d97d5c7ff7928cb6f2", size = 29894570 },
    { url = "https://files.pythonhosted.org/packages/ed/05/7f03e680cc5249c4f96c9e4e845acde08eb1aee5bc216eff8a089baa4ddb/scipy-1.14.1-cp311-cp311-macosx_14_0_arm64.whl", hash = "sha256:3a1b111fac6baec1c1d92f27e76511c9e7218f1695d61b59e05e0fe04dc59617", size = 23103567 },
    { url = "https://files.pythonhosted.org/packages/5e/fc/9f1413bef53171f379d786aabc104d4abeea48ee84c553a3e3d8c9f96a9c/scipy-1.14.1-cp311-cp311-macosx_14_0_x86_64.whl", hash = "sha256:8475230e55549ab3f207bff11ebfc91c805dc3463ef62eda3ccf593254524ce8", size = 25499102 },
    { url = "https://files.pythonhosted.org/packages/c2/4b/b44bee3c2ddc316b0159b3d87a3d467ef8d7edfd525e6f7364a62cd87d90/scipy-1.14.1-cp311-cp311-manylinux_2_17_aarch64.manylinux2014_aarch64.whl", hash = "sha256:278266012eb69f4a720827bdd2dc54b2271c97d84255b2faaa8f161a158c3b37", size = 35586346 },
    { url = "https://files.pythonhosted.org/packages/93/6b/701776d4bd6bdd9b629c387b5140f006185bd8ddea16788a44434376b98f/scipy-1.14.1-cp311-cp311-manylinux_2_17_x86_64.manylinux2014_x86_64.whl", hash = "sha256:fef8c87f8abfb884dac04e97824b61299880c43f4ce675dd2cbeadd3c9b466d2", size = 41165244 },
    { url = "https://files.pythonhosted.org/packages/06/57/e6aa6f55729a8f245d8a6984f2855696c5992113a5dc789065020f8be753/scipy-1.14.1-cp311-cp311-musllinux_1_2_x86_64.whl", hash = "sha256:b05d43735bb2f07d689f56f7b474788a13ed8adc484a85aa65c0fd931cf9ccd2", size = 42817917 },
    { url = "https://files.pythonhosted.org/packages/ea/c2/5ecadc5fcccefaece775feadcd795060adf5c3b29a883bff0e678cfe89af/scipy-1.14.1-cp311-cp311-win_amd64.whl", hash = "sha256:716e389b694c4bb564b4fc0c51bc84d381735e0d39d3f26ec1af2556ec6aad94", size = 44781033 },
    { url = "https://files.pythonhosted.org/packages/c0/04/2bdacc8ac6387b15db6faa40295f8bd25eccf33f1f13e68a72dc3c60a99e/scipy-1.14.1-cp312-cp312-macosx_10_13_x86_64.whl", hash = "sha256:631f07b3734d34aced009aaf6fedfd0eb3498a97e581c3b1e5f14a04164a456d", size = 39128781 },
    { url = "https://files.pythonhosted.org/packages/c8/53/35b4d41f5fd42f5781dbd0dd6c05d35ba8aa75c84ecddc7d44756cd8da2e/scipy-1.14.1-cp312-cp312-macosx_12_0_arm64.whl", hash = "sha256:af29a935803cc707ab2ed7791c44288a682f9c8107bc00f0eccc4f92c08d6e07", size = 29939542 },
    { url = "https://files.pythonhosted.org/packages/66/67/6ef192e0e4d77b20cc33a01e743b00bc9e68fb83b88e06e636d2619a8767/scipy-1.14.1-cp312-cp312-macosx_14_0_arm64.whl", hash = "sha256:2843f2d527d9eebec9a43e6b406fb7266f3af25a751aa91d62ff416f54170bc5", size = 23148375 },
    { url = "https://files.pythonhosted.org/packages/f6/32/3a6dedd51d68eb7b8e7dc7947d5d841bcb699f1bf4463639554986f4d782/scipy-1.14.1-cp312-cp312-macosx_14_0_x86_64.whl", hash = "sha256:eb58ca0abd96911932f688528977858681a59d61a7ce908ffd355957f7025cfc", size = 25578573 },
    { url = "https://files.pythonhosted.org/packages/f0/5a/efa92a58dc3a2898705f1dc9dbaf390ca7d4fba26d6ab8cfffb0c72f656f/scipy-1.14.1-cp312-cp312-manylinux_2_17_aarch64.manylinux2014_aarch64.whl", hash = "sha256:30ac8812c1d2aab7131a79ba62933a2a76f582d5dbbc695192453dae67ad6310", size = 35319299 },
    { url = "https://files.pythonhosted.org/packages/8e/ee/8a26858ca517e9c64f84b4c7734b89bda8e63bec85c3d2f432d225bb1886/scipy-1.14.1-cp312-cp312-manylinux_2_17_x86_64.manylinux2014_x86_64.whl", hash = "sha256:8f9ea80f2e65bdaa0b7627fb00cbeb2daf163caa015e59b7516395fe3bd1e066", size = 40849331 },
    { url = "https://files.pythonhosted.org/packages/a5/cd/06f72bc9187840f1c99e1a8750aad4216fc7dfdd7df46e6280add14b4822/scipy-1.14.1-cp312-cp312-musllinux_1_2_x86_64.whl", hash = "sha256:edaf02b82cd7639db00dbff629995ef185c8df4c3ffa71a5562a595765a06ce1", size = 42544049 },
    { url = "https://files.pythonhosted.org/packages/aa/7d/43ab67228ef98c6b5dd42ab386eae2d7877036970a0d7e3dd3eb47a0d530/scipy-1.14.1-cp312-cp312-win_amd64.whl", hash = "sha256:2ff38e22128e6c03ff73b6bb0f85f897d2362f8c052e3b8ad00532198fbdae3f", size = 44521212 },
    { url = "https://files.pythonhosted.org/packages/50/ef/ac98346db016ff18a6ad7626a35808f37074d25796fd0234c2bb0ed1e054/scipy-1.14.1-cp313-cp313-macosx_10_13_x86_64.whl", hash = "sha256:1729560c906963fc8389f6aac023739ff3983e727b1a4d87696b7bf108316a79", size = 39091068 },
    { url = "https://files.pythonhosted.org/packages/b9/cc/70948fe9f393b911b4251e96b55bbdeaa8cca41f37c26fd1df0232933b9e/scipy-1.14.1-cp313-cp313-macosx_12_0_arm64.whl", hash = "sha256:4079b90df244709e675cdc8b93bfd8a395d59af40b72e339c2287c91860deb8e", size = 29875417 },
    { url = "https://files.pythonhosted.org/packages/3b/2e/35f549b7d231c1c9f9639f9ef49b815d816bf54dd050da5da1c11517a218/scipy-1.14.1-cp313-cp313-macosx_14_0_arm64.whl", hash = "sha256:e0cf28db0f24a38b2a0ca33a85a54852586e43cf6fd876365c86e0657cfe7d73", size = 23084508 },
    { url = "https://files.pythonhosted.org/packages/3f/d6/b028e3f3e59fae61fb8c0f450db732c43dd1d836223a589a8be9f6377203/scipy-1.14.1-cp313-cp313-macosx_14_0_x86_64.whl", hash = "sha256:0c2f95de3b04e26f5f3ad5bb05e74ba7f68b837133a4492414b3afd79dfe540e", size = 25503364 },
    { url = "https://files.pythonhosted.org/packages/a7/2f/6c142b352ac15967744d62b165537a965e95d557085db4beab2a11f7943b/scipy-1.14.1-cp313-cp313-manylinux_2_17_aarch64.manylinux2014_aarch64.whl", hash = "sha256:b99722ea48b7ea25e8e015e8341ae74624f72e5f21fc2abd45f3a93266de4c5d", size = 35292639 },
    { url = "https://files.pythonhosted.org/packages/56/46/2449e6e51e0d7c3575f289f6acb7f828938eaab8874dbccfeb0cd2b71a27/scipy-1.14.1-cp313-cp313-manylinux_2_17_x86_64.manylinux2014_x86_64.whl", hash = "sha256:5149e3fd2d686e42144a093b206aef01932a0059c2a33ddfa67f5f035bdfe13e", size = 40798288 },
    { url = "https://files.pythonhosted.org/packages/32/cd/9d86f7ed7f4497c9fd3e39f8918dd93d9f647ba80d7e34e4946c0c2d1a7c/scipy-1.14.1-cp313-cp313-musllinux_1_2_x86_64.whl", hash = "sha256:e4f5a7c49323533f9103d4dacf4e4f07078f360743dec7f7596949149efeec06", size = 42524647 },
    { url = "https://files.pythonhosted.org/packages/f5/1b/6ee032251bf4cdb0cc50059374e86a9f076308c1512b61c4e003e241efb7/scipy-1.14.1-cp313-cp313-win_amd64.whl", hash = "sha256:baff393942b550823bfce952bb62270ee17504d02a1801d7fd0719534dfb9c84", size = 44469524 },
]

[[package]]
name = "tomli"
version = "2.2.1"
source = { registry = "https://pypi.org/simple" }
sdist = { url = "https://files.pythonhosted.org/packages/18/87/302344fed471e44a87289cf4967697d07e532f2421fdaf868a303cbae4ff/tomli-2.2.1.tar.gz", hash = "sha256:cd45e1dc79c835ce60f7404ec8119f2eb06d38b1deba146f07ced3bbc44505ff", size = 17175 }
wheels = [
    { url = "https://files.pythonhosted.org/packages/43/ca/75707e6efa2b37c77dadb324ae7d9571cb424e61ea73fad7c56c2d14527f/tomli-2.2.1-cp311-cp311-macosx_10_9_x86_64.whl", hash = "sha256:678e4fa69e4575eb77d103de3df8a895e1591b48e740211bd1067378c69e8249", size = 131077 },
    { url = "https://files.pythonhosted.org/packages/c7/16/51ae563a8615d472fdbffc43a3f3d46588c264ac4f024f63f01283becfbb/tomli-2.2.1-cp311-cp311-macosx_11_0_arm64.whl", hash = "sha256:023aa114dd824ade0100497eb2318602af309e5a55595f76b626d6d9f3b7b0a6", size = 123429 },
    { url = "https://files.pythonhosted.org/packages/f1/dd/4f6cd1e7b160041db83c694abc78e100473c15d54620083dbd5aae7b990e/tomli-2.2.1-cp311-cp311-manylinux_2_17_aarch64.manylinux2014_aarch64.whl", hash = "sha256:ece47d672db52ac607a3d9599a9d48dcb2f2f735c6c2d1f34130085bb12b112a", size = 226067 },
    { url = "https://files.pythonhosted.org/packages/a9/6b/c54ede5dc70d648cc6361eaf429304b02f2871a345bbdd51e993d6cdf550/tomli-2.2.1-cp311-cp311-manylinux_2_17_x86_64.manylinux2014_x86_64.whl", hash = "sha256:6972ca9c9cc9f0acaa56a8ca1ff51e7af152a9f87fb64623e31d5c83700080ee", size = 236030 },
    { url = "https://files.pythonhosted.org/packages/1f/47/999514fa49cfaf7a92c805a86c3c43f4215621855d151b61c602abb38091/tomli-2.2.1-cp311-cp311-manylinux_2_5_i686.manylinux1_i686.manylinux_2_17_i686.manylinux2014_i686.whl", hash = "sha256:c954d2250168d28797dd4e3ac5cf812a406cd5a92674ee4c8f123c889786aa8e", size = 240898 },
    { url = "https://files.pythonhosted.org/packages/73/41/0a01279a7ae09ee1573b423318e7934674ce06eb33f50936655071d81a24/tomli-2.2.1-cp311-cp311-musllinux_1_2_aarch64.whl", hash = "sha256:8dd28b3e155b80f4d54beb40a441d366adcfe740969820caf156c019fb5c7ec4", size = 229894 },
    { url = "https://files.pythonhosted.org/packages/55/18/5d8bc5b0a0362311ce4d18830a5d28943667599a60d20118074ea1b01bb7/tomli-2.2.1-cp311-cp311-musllinux_1_2_i686.whl", hash = "sha256:e59e304978767a54663af13c07b3d1af22ddee3bb2fb0618ca1593e4f593a106", size = 245319 },
    { url = "https://files.pythonhosted.org/packages/92/a3/7ade0576d17f3cdf5ff44d61390d4b3febb8a9fc2b480c75c47ea048c646/tomli-2.2.1-cp311-cp311-musllinux_1_2_x86_64.whl", hash = "sha256:33580bccab0338d00994d7f16f4c4ec25b776af3ffaac1ed74e0b3fc95e885a8", size = 238273 },
    { url = "https://files.pythonhosted.org/packages/72/6f/fa64ef058ac1446a1e51110c375339b3ec6be245af9d14c87c4a6412dd32/tomli-2.2.1-cp311-cp311-win32.whl", hash = "sha256:465af0e0875402f1d226519c9904f37254b3045fc5084697cefb9bdde1ff99ff", size = 98310 },
    { url = "https://files.pythonhosted.org/packages/6a/1c/4a2dcde4a51b81be3530565e92eda625d94dafb46dbeb15069df4caffc34/tomli-2.2.1-cp311-cp311-win_amd64.whl", hash = "sha256:2d0f2fdd22b02c6d81637a3c95f8cd77f995846af7414c5c4b8d0545afa1bc4b", size = 108309 },
    { url = "https://files.pythonhosted.org/packages/52/e1/f8af4c2fcde17500422858155aeb0d7e93477a0d59a98e56cbfe75070fd0/tomli-2.2.1-cp312-cp312-macosx_10_13_x86_64.whl", hash = "sha256:4a8f6e44de52d5e6c657c9fe83b562f5f4256d8ebbfe4ff922c495620a7f6cea", size = 132762 },
    { url = "https://files.pythonhosted.org/packages/03/b8/152c68bb84fc00396b83e7bbddd5ec0bd3dd409db4195e2a9b3e398ad2e3/tomli-2.2.1-cp312-cp312-macosx_11_0_arm64.whl", hash = "sha256:8d57ca8095a641b8237d5b079147646153d22552f1c637fd3ba7f4b0b29167a8", size = 123453 },
    { url = "https://files.pythonhosted.org/packages/c8/d6/fc9267af9166f79ac528ff7e8c55c8181ded34eb4b0e93daa767b8841573/tomli-2.2.1-cp312-cp312-manylinux_2_17_aarch64.manylinux2014_aarch64.whl", hash = "sha256:4e340144ad7ae1533cb897d406382b4b6fede8890a03738ff1683af800d54192", size = 233486 },
    { url = "https://files.pythonhosted.org/packages/5c/51/51c3f2884d7bab89af25f678447ea7d297b53b5a3b5730a7cb2ef6069f07/tomli-2.2.1-cp312-cp312-manylinux_2_17_x86_64.manylinux2014_x86_64.whl", hash = "sha256:db2b95f9de79181805df90bedc5a5ab4c165e6ec3fe99f970d0e302f384ad222", size = 242349 },
    { url = "https://files.pythonhosted.org/packages/ab/df/bfa89627d13a5cc22402e441e8a931ef2108403db390ff3345c05253935e/tomli-2.2.1-cp312-cp312-manylinux_2_5_i686.manylinux1_i686.manylinux_2_17_i686.manylinux2014_i686.whl", hash = "sha256:40741994320b232529c802f8bc86da4e1aa9f413db394617b9a256ae0f9a7f77", size = 252159 },
    { url = "https://files.pythonhosted.org/packages/9e/6e/fa2b916dced65763a5168c6ccb91066f7639bdc88b48adda990db10c8c0b/tomli-2.2.1-cp312-cp312-musllinux_1_2_aarch64.whl", hash = "sha256:400e720fe168c0f8521520190686ef8ef033fb19fc493da09779e592861b78c6", size = 237243 },
    { url = "https://files.pythonhosted.org/packages/b4/04/885d3b1f650e1153cbb93a6a9782c58a972b94ea4483ae4ac5cedd5e4a09/tomli-2.2.1-cp312-cp312-musllinux_1_2_i686.whl", hash = "sha256:02abe224de6ae62c19f090f68da4e27b10af2b93213d36cf44e6e1c5abd19fdd", size = 259645 },
    { url = "https://files.pythonhosted.org/packages/9c/de/6b432d66e986e501586da298e28ebeefd3edc2c780f3ad73d22566034239/tomli-2.2.1-cp312-cp312-musllinux_1_2_x86_64.whl", hash = "sha256:b82ebccc8c8a36f2094e969560a1b836758481f3dc360ce9a3277c65f374285e", size = 244584 },
    { url = "https://files.pythonhosted.org/packages/1c/9a/47c0449b98e6e7d1be6cbac02f93dd79003234ddc4aaab6ba07a9a7482e2/tomli-2.2.1-cp312-cp312-win32.whl", hash = "sha256:889f80ef92701b9dbb224e49ec87c645ce5df3fa2cc548664eb8a25e03127a98", size = 98875 },
    { url = "https://files.pythonhosted.org/packages/ef/60/9b9638f081c6f1261e2688bd487625cd1e660d0a85bd469e91d8db969734/tomli-2.2.1-cp312-cp312-win_amd64.whl", hash = "sha256:7fc04e92e1d624a4a63c76474610238576942d6b8950a2d7f908a340494e67e4", size = 109418 },
    { url = "https://files.pythonhosted.org/packages/04/90/2ee5f2e0362cb8a0b6499dc44f4d7d48f8fff06d28ba46e6f1eaa61a1388/tomli-2.2.1-cp313-cp313-macosx_10_13_x86_64.whl", hash = "sha256:f4039b9cbc3048b2416cc57ab3bda989a6fcf9b36cf8937f01a6e731b64f80d7", size = 132708 },
    { url = "https://files.pythonhosted.org/packages/c0/ec/46b4108816de6b385141f082ba99e315501ccd0a2ea23db4a100dd3990ea/tomli-2.2.1-cp313-cp313-macosx_11_0_arm64.whl", hash = "sha256:286f0ca2ffeeb5b9bd4fcc8d6c330534323ec51b2f52da063b11c502da16f30c", size = 123582 },
    { url = "https://files.pythonhosted.org/packages/a0/bd/b470466d0137b37b68d24556c38a0cc819e8febe392d5b199dcd7f578365/tomli-2.2.1-cp313-cp313-manylinux_2_17_aarch64.manylinux2014_aarch64.whl", hash = "sha256:a92ef1a44547e894e2a17d24e7557a5e85a9e1d0048b0b5e7541f76c5032cb13", size = 232543 },
    { url = "https://files.pythonhosted.org/packages/d9/e5/82e80ff3b751373f7cead2815bcbe2d51c895b3c990686741a8e56ec42ab/tomli-2.2.1-cp313-cp313-manylinux_2_17_x86_64.manylinux2014_x86_64.whl", hash = "sha256:9316dc65bed1684c9a98ee68759ceaed29d229e985297003e494aa825ebb0281", size = 241691 },
    { url = "https://files.pythonhosted.org/packages/05/7e/2a110bc2713557d6a1bfb06af23dd01e7dde52b6ee7dadc589868f9abfac/tomli-2.2.1-cp313-cp313-manylinux_2_5_i686.manylinux1_i686.manylinux_2_17_i686.manylinux2014_i686.whl", hash = "sha256:e85e99945e688e32d5a35c1ff38ed0b3f41f43fad8df0bdf79f72b2ba7bc5272", size = 251170 },
    { url = "https://files.pythonhosted.org/packages/64/7b/22d713946efe00e0adbcdfd6d1aa119ae03fd0b60ebed51ebb3fa9f5a2e5/tomli-2.2.1-cp313-cp313-musllinux_1_2_aarch64.whl", hash = "sha256:ac065718db92ca818f8d6141b5f66369833d4a80a9d74435a268c52bdfa73140", size = 236530 },
    { url = "https://files.pythonhosted.org/packages/38/31/3a76f67da4b0cf37b742ca76beaf819dca0ebef26d78fc794a576e08accf/tomli-2.2.1-cp313-cp313-musllinux_1_2_i686.whl", hash = "sha256:d920f33822747519673ee656a4b6ac33e382eca9d331c87770faa3eef562aeb2", size = 258666 },
    { url = "https://files.pythonhosted.org/packages/07/10/5af1293da642aded87e8a988753945d0cf7e00a9452d3911dd3bb354c9e2/tomli-2.2.1-cp313-cp313-musllinux_1_2_x86_64.whl", hash = "sha256:a198f10c4d1b1375d7687bc25294306e551bf1abfa4eace6650070a5c1ae2744", size = 243954 },
    { url = "https://files.pythonhosted.org/packages/5b/b9/1ed31d167be802da0fc95020d04cd27b7d7065cc6fbefdd2f9186f60d7bd/tomli-2.2.1-cp313-cp313-win32.whl", hash = "sha256:d3f5614314d758649ab2ab3a62d4f2004c825922f9e370b29416484086b264ec", size = 98724 },
    { url = "https://files.pythonhosted.org/packages/c7/32/b0963458706accd9afcfeb867c0f9175a741bf7b19cd424230714d722198/tomli-2.2.1-cp313-cp313-win_amd64.whl", hash = "sha256:a38aa0308e754b0e3c67e344754dff64999ff9b513e691d0e786265c93583c69", size = 109383 },
    { url = "https://files.pythonhosted.org/packages/6e/c2/61d3e0f47e2b74ef40a68b9e6ad5984f6241a942f7cd3bbfbdbd03861ea9/tomli-2.2.1-py3-none-any.whl", hash = "sha256:cb55c73c5f4408779d0cf3eef9f762b9c9f147a77de7b258bef0a5628adc85cc", size = 14257 },
]

[[package]]
name = "transformers-js-py"
version = "0.19.0"
source = { editable = "." }

[package.optional-dependencies]
audio = [
    { name = "numpy" },
    { name = "scipy" },
]

[package.dev-dependencies]
dev = [
    { name = "mypy" },
    { name = "numpy" },
    { name = "ruff" },
    { name = "types-pillow" },
]

[package.metadata]
requires-dist = [
    { name = "numpy", marker = "extra == 'audio'", specifier = ">=2.1.2" },
    { name = "scipy", marker = "extra == 'audio'", specifier = ">=1.14.0" },
]

[package.metadata.requires-dev]
dev = [
    { name = "mypy", specifier = ">=1.13.0" },
    { name = "numpy", specifier = ">=2.1.3" },
    { name = "ruff", specifier = ">=0.8.1" },
    { name = "types-pillow", specifier = ">=10.2.0.20240822" },
]

[[package]]
name = "types-pillow"
version = "10.2.0.20240822"
source = { registry = "https://pypi.org/simple" }
sdist = { url = "https://files.pythonhosted.org/packages/18/4a/4495264dddaa600d65d68bcedb64dcccf9d9da61adff51f7d2ffd8e4c9ce/types-Pillow-10.2.0.20240822.tar.gz", hash = "sha256:559fb52a2ef991c326e4a0d20accb3bb63a7ba8d40eb493e0ecb0310ba52f0d3", size = 35389 }
wheels = [
    { url = "https://files.pythonhosted.org/packages/66/23/e81a5354859831fcf54d488d33b80ba6133ea84f874a9c0ec40a4881e133/types_Pillow-10.2.0.20240822-py3-none-any.whl", hash = "sha256:d9dab025aba07aeb12fd50a6799d4eac52a9603488eca09d7662543983f16c5d", size = 54354 },
]

[[package]]
name = "typing-extensions"
version = "4.12.2"
source = { registry = "https://pypi.org/simple" }
sdist = { url = "https://files.pythonhosted.org/packages/df/db/f35a00659bc03fec321ba8bce9420de607a1d37f8342eee1863174c69557/typing_extensions-4.12.2.tar.gz", hash = "sha256:1a7ead55c7e559dd4dee8856e3a88b41225abfe1ce8df57b7c13915fe121ffb8", size = 85321 }
wheels = [
    { url = "https://files.pythonhosted.org/packages/26/9f/ad63fc0248c5379346306f8668cda6e2e2e9c95e01216d2b8ffd9ff037d0/typing_extensions-4.12.2-py3-none-any.whl", hash = "sha256:04e5ca0351e0f3f85c6853954072df659d0d13fac324d0072316b67d7794700d", size = 37438 },
]
